
Microsoft Visual Studio Solution File, Format Version 12.00
# Visual Studio Version 16
VisualStudioVersion = 16.0.31911.196
MinimumVisualStudioVersion = 10.0.40219.1
Project("{FAE04EC0-301F-11D3-BF4B-00C04F79EFBC}") = "ITApexWebsite", "ITApexWebsite\ITApexWebsite.csproj", "{3EC395EB-6EBA-49B9-8B23-C4601CFCAD0B}"
EndProject
Global
	GlobalSection(SolutionConfigurationPlatforms) = preSolution
		Debug|Any CPU = Debug|Any CPU
		Release|Any CPU = Release|Any CPU
	EndGlobalSection
	GlobalSection(ProjectConfigurationPlatforms) = postSolution
		{3EC395EB-6EBA-49B9-8B23-C4601CFCAD0B}.Debug|Any CPU.ActiveCfg = Debug|Any CPU
		{3EC395EB-6EBA-49B9-8B23-C4601CFCAD0B}.Debug|Any CPU.Build.0 = Debug|Any CPU
		{3EC395EB-6EBA-49B9-8B23-C4601CFCAD0B}.Release|Any CPU.ActiveCfg = Release|Any CPU
		{3EC395EB-6EBA-49B9-8B23-C4601CFCAD0B}.Release|Any CPU.Build.0 = Release|Any CPU
	EndGlobalSection
	GlobalSection(SolutionProperties) = preSolution
		HideSolutionNode = FALSE
	EndGlobalSection
	GlobalSection(ExtensibilityGlobals) = postSolution
		SolutionGuid = {19096366-673A-43FA-B3FF-2969F4B4A300}
	EndGlobalSection
EndGlobal
